// !$*UTF8*$!
{
	archiveVersion = 1;
	classes = {
	};
	objectVersion = 50;
	objects = {

/* Begin PBXBuildFile section */
		1C7DCC5123849F2C00568405 /* AppDelegate.swift in Sources */ = {isa = PBXBuildFile; fileRef = 1C7DCC5023849F2C00568405 /* AppDelegate.swift */; };
		1C7DCC5323849F2C00568405 /* SceneDelegate.swift in Sources */ = {isa = PBXBuildFile; fileRef = 1C7DCC5223849F2C00568405 /* SceneDelegate.swift */; };
		1C7DCC5823849F2C00568405 /* Main.storyboard in Resources */ = {isa = PBXBuildFile; fileRef = 1C7DCC5623849F2C00568405 /* Main.storyboard */; };
		1C7DCC5A23849F2D00568405 /* Assets.xcassets in Resources */ = {isa = PBXBuildFile; fileRef = 1C7DCC5923849F2D00568405 /* Assets.xcassets */; };
		1C7DCC5D23849F2D00568405 /* LaunchScreen.storyboard in Resources */ = {isa = PBXBuildFile; fileRef = 1C7DCC5B23849F2D00568405 /* LaunchScreen.storyboard */; };
		1C8D19202384F4F800F0AF11 /* LoginViewController.swift in Sources */ = {isa = PBXBuildFile; fileRef = 1C8D191F2384F4F800F0AF11 /* LoginViewController.swift */; };
		1C8D19242385003E00F0AF11 /* PickupTableViewController.swift in Sources */ = {isa = PBXBuildFile; fileRef = 1C8D19232385003E00F0AF11 /* PickupTableViewController.swift */; };
		1C8D19262385008200F0AF11 /* PickupDetailViewController.swift in Sources */ = {isa = PBXBuildFile; fileRef = 1C8D19252385008200F0AF11 /* PickupDetailViewController.swift */; };
		1C8D192B238502B200F0AF11 /* PickupRequest.swift in Sources */ = {isa = PBXBuildFile; fileRef = 1C8D192A238502B200F0AF11 /* PickupRequest.swift */; };
		1C8D192D238606BE00F0AF11 /* Business.swift in Sources */ = {isa = PBXBuildFile; fileRef = 1C8D192C238606BE00F0AF11 /* Business.swift */; };
		1C8D192F2386089D00F0AF11 /* Volunteer.swift in Sources */ = {isa = PBXBuildFile; fileRef = 1C8D192E2386089D00F0AF11 /* Volunteer.swift */; };
		1C8D193323860F3500F0AF11 /* APIController.swift in Sources */ = {isa = PBXBuildFile; fileRef = 1C8D193223860F3500F0AF11 /* APIController.swift */; };
		1C8D19352386394200F0AF11 /* Bearer.swift in Sources */ = {isa = PBXBuildFile; fileRef = 1C8D19342386394200F0AF11 /* Bearer.swift */; };
		1C8D19382387250100F0AF11 /* PickupRequestController.swift in Sources */ = {isa = PBXBuildFile; fileRef = 1C8D19372387250100F0AF11 /* PickupRequestController.swift */; };
/* End PBXBuildFile section */

/* Begin PBXFileReference section */
		1C7DCC4D23849F2C00568405 /* Replate.app */ = {isa = PBXFileReference; explicitFileType = wrapper.application; includeInIndex = 0; path = Replate.app; sourceTree = BUILT_PRODUCTS_DIR; };
		1C7DCC5023849F2C00568405 /* AppDelegate.swift */ = {isa = PBXFileReference; lastKnownFileType = sourcecode.swift; path = AppDelegate.swift; sourceTree = "<group>"; };
		1C7DCC5223849F2C00568405 /* SceneDelegate.swift */ = {isa = PBXFileReference; lastKnownFileType = sourcecode.swift; path = SceneDelegate.swift; sourceTree = "<group>"; };
		1C7DCC5723849F2C00568405 /* Base */ = {isa = PBXFileReference; lastKnownFileType = file.storyboard; name = Base; path = Base.lproj/Main.storyboard; sourceTree = "<group>"; };
		1C7DCC5923849F2D00568405 /* Assets.xcassets */ = {isa = PBXFileReference; lastKnownFileType = folder.assetcatalog; path = Assets.xcassets; sourceTree = "<group>"; };
		1C7DCC5C23849F2D00568405 /* Base */ = {isa = PBXFileReference; lastKnownFileType = file.storyboard; name = Base; path = Base.lproj/LaunchScreen.storyboard; sourceTree = "<group>"; };
		1C7DCC5E23849F2D00568405 /* Info.plist */ = {isa = PBXFileReference; lastKnownFileType = text.plist.xml; path = Info.plist; sourceTree = "<group>"; };
		1C7DCC642384B9A600568405 /* oregano.regular.ttf */ = {isa = PBXFileReference; lastKnownFileType = file; name = oregano.regular.ttf; path = ../../../../../../Desktop/oregano.regular.ttf; sourceTree = "<group>"; };
		1C8D191F2384F4F800F0AF11 /* LoginViewController.swift */ = {isa = PBXFileReference; lastKnownFileType = sourcecode.swift; path = LoginViewController.swift; sourceTree = "<group>"; };
		1C8D19232385003E00F0AF11 /* PickupTableViewController.swift */ = {isa = PBXFileReference; lastKnownFileType = sourcecode.swift; path = PickupTableViewController.swift; sourceTree = "<group>"; };
		1C8D19252385008200F0AF11 /* PickupDetailViewController.swift */ = {isa = PBXFileReference; lastKnownFileType = sourcecode.swift; path = PickupDetailViewController.swift; sourceTree = "<group>"; };
		1C8D192A238502B200F0AF11 /* PickupRequest.swift */ = {isa = PBXFileReference; lastKnownFileType = sourcecode.swift; path = PickupRequest.swift; sourceTree = "<group>"; };
		1C8D192C238606BE00F0AF11 /* Business.swift */ = {isa = PBXFileReference; lastKnownFileType = sourcecode.swift; path = Business.swift; sourceTree = "<group>"; };
		1C8D192E2386089D00F0AF11 /* Volunteer.swift */ = {isa = PBXFileReference; lastKnownFileType = sourcecode.swift; path = Volunteer.swift; sourceTree = "<group>"; };
		1C8D193223860F3500F0AF11 /* APIController.swift */ = {isa = PBXFileReference; lastKnownFileType = sourcecode.swift; path = APIController.swift; sourceTree = "<group>"; };
		1C8D19342386394200F0AF11 /* Bearer.swift */ = {isa = PBXFileReference; lastKnownFileType = sourcecode.swift; path = Bearer.swift; sourceTree = "<group>"; };
		1C8D19372387250100F0AF11 /* PickupRequestController.swift */ = {isa = PBXFileReference; lastKnownFileType = sourcecode.swift; path = PickupRequestController.swift; sourceTree = "<group>"; };
/* End PBXFileReference section */

/* Begin PBXFrameworksBuildPhase section */
		1C7DCC4A23849F2C00568405 /* Frameworks */ = {
			isa = PBXFrameworksBuildPhase;
			buildActionMask = 2147483647;
			files = (
			);
			runOnlyForDeploymentPostprocessing = 0;
		};
/* End PBXFrameworksBuildPhase section */

/* Begin PBXGroup section */
		1C7DCC4423849F2C00568405 = {
			isa = PBXGroup;
			children = (
				1C7DCC4F23849F2C00568405 /* Replate */,
				1C7DCC4E23849F2C00568405 /* Products */,
			);
			sourceTree = "<group>";
		};
		1C7DCC4E23849F2C00568405 /* Products */ = {
			isa = PBXGroup;
			children = (
				1C7DCC4D23849F2C00568405 /* Replate.app */,
			);
			name = Products;
			sourceTree = "<group>";
		};
		1C7DCC4F23849F2C00568405 /* Replate */ = {
			isa = PBXGroup;
			children = (
				1C7DCC5023849F2C00568405 /* AppDelegate.swift */,
				1C7DCC5223849F2C00568405 /* SceneDelegate.swift */,
				1C7DCC5623849F2C00568405 /* Main.storyboard */,
				1C8D191F2384F4F800F0AF11 /* LoginViewController.swift */,
				1C8D19232385003E00F0AF11 /* PickupTableViewController.swift */,
				1C8D19252385008200F0AF11 /* PickupDetailViewController.swift */,
				1C8D1927238500EE00F0AF11 /* Model + Model Controller */,
				1C7DCC5923849F2D00568405 /* Assets.xcassets */,
				1C7DCC642384B9A600568405 /* oregano.regular.ttf */,
				1C7DCC5B23849F2D00568405 /* LaunchScreen.storyboard */,
				1C7DCC5E23849F2D00568405 /* Info.plist */,
				1C8D19362386411600F0AF11 /* Network */,
			);
			path = Replate;
			sourceTree = "<group>";
		};
		1C8D1927238500EE00F0AF11 /* Model + Model Controller */ = {
			isa = PBXGroup;
			children = (
				1C8D192C238606BE00F0AF11 /* Business.swift */,
				1C8D192A238502B200F0AF11 /* PickupRequest.swift */,
				1C8D19372387250100F0AF11 /* PickupRequestController.swift */,
				1C8D192E2386089D00F0AF11 /* Volunteer.swift */,
			);
			path = "Model + Model Controller";
			sourceTree = "<group>";
		};
		1C8D19362386411600F0AF11 /* Network */ = {
			isa = PBXGroup;
			children = (
				1C8D193223860F3500F0AF11 /* APIController.swift */,
				1C8D19342386394200F0AF11 /* Bearer.swift */,
			);
			path = Network;
			sourceTree = "<group>";
		};
/* End PBXGroup section */

/* Begin PBXNativeTarget section */
		1C7DCC4C23849F2C00568405 /* Replate */ = {
			isa = PBXNativeTarget;
			buildConfigurationList = 1C7DCC6123849F2D00568405 /* Build configuration list for PBXNativeTarget "Replate" */;
			buildPhases = (
				1C7DCC4923849F2C00568405 /* Sources */,
				1C7DCC4A23849F2C00568405 /* Frameworks */,
				1C7DCC4B23849F2C00568405 /* Resources */,
			);
			buildRules = (
			);
			dependencies = (
			);
			name = Replate;
			productName = Replate;
			productReference = 1C7DCC4D23849F2C00568405 /* Replate.app */;
			productType = "com.apple.product-type.application";
		};
/* End PBXNativeTarget section */

/* Begin PBXProject section */
		1C7DCC4523849F2C00568405 /* Project object */ = {
			isa = PBXProject;
			attributes = {
				LastSwiftUpdateCheck = 1110;
				LastUpgradeCheck = 1110;
				ORGANIZATIONNAME = "Lambda, Inc";
				TargetAttributes = {
					1C7DCC4C23849F2C00568405 = {
						CreatedOnToolsVersion = 11.1;
					};
				};
			};
			buildConfigurationList = 1C7DCC4823849F2C00568405 /* Build configuration list for PBXProject "Replate" */;
			compatibilityVersion = "Xcode 9.3";
			developmentRegion = en;
			hasScannedForEncodings = 0;
			knownRegions = (
				en,
				Base,
			);
			mainGroup = 1C7DCC4423849F2C00568405;
			productRefGroup = 1C7DCC4E23849F2C00568405 /* Products */;
			projectDirPath = "";
			projectRoot = "";
			targets = (
				1C7DCC4C23849F2C00568405 /* Replate */,
			);
		};
/* End PBXProject section */

/* Begin PBXResourcesBuildPhase section */
		1C7DCC4B23849F2C00568405 /* Resources */ = {
			isa = PBXResourcesBuildPhase;
			buildActionMask = 2147483647;
			files = (
				1C7DCC5D23849F2D00568405 /* LaunchScreen.storyboard in Resources */,
				1C7DCC5A23849F2D00568405 /* Assets.xcassets in Resources */,
				1C7DCC5823849F2C00568405 /* Main.storyboard in Resources */,
			);
			runOnlyForDeploymentPostprocessing = 0;
		};
/* End PBXResourcesBuildPhase section */

/* Begin PBXSourcesBuildPhase section */
		1C7DCC4923849F2C00568405 /* Sources */ = {
			isa = PBXSourcesBuildPhase;
			buildActionMask = 2147483647;
			files = (
				1C8D19352386394200F0AF11 /* Bearer.swift in Sources */,
				1C7DCC5123849F2C00568405 /* AppDelegate.swift in Sources */,
				1C8D19242385003E00F0AF11 /* PickupTableViewController.swift in Sources */,
				1C7DCC5323849F2C00568405 /* SceneDelegate.swift in Sources */,
				1C8D19202384F4F800F0AF11 /* LoginViewController.swift in Sources */,
				1C8D193323860F3500F0AF11 /* APIController.swift in Sources */,
				1C8D19262385008200F0AF11 /* PickupDetailViewController.swift in Sources */,
				1C8D192B238502B200F0AF11 /* PickupRequest.swift in Sources */,
				1C8D19382387250100F0AF11 /* PickupRequestController.swift in Sources */,
				1C8D192D238606BE00F0AF11 /* Business.swift in Sources */,
				1C8D192F2386089D00F0AF11 /* Volunteer.swift in Sources */,
			);
			runOnlyForDeploymentPostprocessing = 0;
		};
/* End PBXSourcesBuildPhase section */

/* Begin PBXVariantGroup section */
		1C7DCC5623849F2C00568405 /* Main.storyboard */ = {
			isa = PBXVariantGroup;
			children = (
				1C7DCC5723849F2C00568405 /* Base */,
			);
			name = Main.storyboard;
			sourceTree = "<group>";
		};
		1C7DCC5B23849F2D00568405 /* LaunchScreen.storyboard */ = {
			isa = PBXVariantGroup;
			children = (
				1C7DCC5C23849F2D00568405 /* Base */,
			);
			name = LaunchScreen.storyboard;
			sourceTree = "<group>";
		};
/* End PBXVariantGroup section */

/* Begin XCBuildConfiguration section */
		1C7DCC5F23849F2D00568405 /* Debug */ = {
			isa = XCBuildConfiguration;
			buildSettings = {
				ALWAYS_SEARCH_USER_PATHS = NO;
				CLANG_ANALYZER_NONNULL = YES;
				CLANG_ANALYZER_NUMBER_OBJECT_CONVERSION = YES_AGGRESSIVE;
				CLANG_CXX_LANGUAGE_STANDARD = "gnu++14";
				CLANG_CXX_LIBRARY = "libc++";
				CLANG_ENABLE_MODULES = YES;
				CLANG_ENABLE_OBJC_ARC = YES;
				CLANG_ENABLE_OBJC_WEAK = YES;
				CLANG_WARN_BLOCK_CAPTURE_AUTORELEASING = YES;
				CLANG_WARN_BOOL_CONVERSION = YES;
				CLANG_WARN_COMMA = YES;
				CLANG_WARN_CONSTANT_CONVERSION = YES;
				CLANG_WARN_DEPRECATED_OBJC_IMPLEMENTATIONS = YES;
				CLANG_WARN_DIRECT_OBJC_ISA_USAGE = YES_ERROR;
				CLANG_WARN_DOCUMENTATION_COMMENTS = YES;
				CLANG_WARN_EMPTY_BODY = YES;
				CLANG_WARN_ENUM_CONVERSION = YES;
				CLANG_WARN_INFINITE_RECURSION = YES;
				CLANG_WARN_INT_CONVERSION = YES;
				CLANG_WARN_NON_LITERAL_NULL_CONVERSION = YES;
				CLANG_WARN_OBJC_IMPLICIT_RETAIN_SELF = YES;
				CLANG_WARN_OBJC_LITERAL_CONVERSION = YES;
				CLANG_WARN_OBJC_ROOT_CLASS = YES_ERROR;
				CLANG_WARN_RANGE_LOOP_ANALYSIS = YES;
				CLANG_WARN_STRICT_PROTOTYPES = YES;
				CLANG_WARN_SUSPICIOUS_MOVE = YES;
				CLANG_WARN_UNGUARDED_AVAILABILITY = YES_AGGRESSIVE;
				CLANG_WARN_UNREACHABLE_CODE = YES;
				CLANG_WARN__DUPLICATE_METHOD_MATCH = YES;
				COPY_PHASE_STRIP = NO;
				DEBUG_INFORMATION_FORMAT = dwarf;
				ENABLE_STRICT_OBJC_MSGSEND = YES;
				ENABLE_TESTABILITY = YES;
				GCC_C_LANGUAGE_STANDARD = gnu11;
				GCC_DYNAMIC_NO_PIC = NO;
				GCC_NO_COMMON_BLOCKS = YES;
				GCC_OPTIMIZATION_LEVEL = 0;
				GCC_PREPROCESSOR_DEFINITIONS = (
					"DEBUG=1",
					"$(inherited)",
				);
				GCC_WARN_64_TO_32_BIT_CONVERSION = YES;
				GCC_WARN_ABOUT_RETURN_TYPE = YES_ERROR;
				GCC_WARN_UNDECLARED_SELECTOR = YES;
				GCC_WARN_UNINITIALIZED_AUTOS = YES_AGGRESSIVE;
				GCC_WARN_UNUSED_FUNCTION = YES;
				GCC_WARN_UNUSED_VARIABLE = YES;
				IPHONEOS_DEPLOYMENT_TARGET = 13.1;
				MTL_ENABLE_DEBUG_INFO = INCLUDE_SOURCE;
				MTL_FAST_MATH = YES;
				ONLY_ACTIVE_ARCH = YES;
				SDKROOT = iphoneos;
				SWIFT_ACTIVE_COMPILATION_CONDITIONS = DEBUG;
				SWIFT_OPTIMIZATION_LEVEL = "-Onone";
			};
			name = Debug;
		};
		1C7DCC6023849F2D00568405 /* Release */ = {
			isa = XCBuildConfiguration;
			buildSettings = {
				ALWAYS_SEARCH_USER_PATHS = NO;
				CLANG_ANALYZER_NONNULL = YES;
				CLANG_ANALYZER_NUMBER_OBJECT_CONVERSION = YES_AGGRESSIVE;
				CLANG_CXX_LANGUAGE_STANDARD = "gnu++14";
				CLANG_CXX_LIBRARY = "libc++";
				CLANG_ENABLE_MODULES = YES;
				CLANG_ENABLE_OBJC_ARC = YES;
				CLANG_ENABLE_OBJC_WEAK = YES;
				CLANG_WARN_BLOCK_CAPTURE_AUTORELEASING = YES;
				CLANG_WARN_BOOL_CONVERSION = YES;
				CLANG_WARN_COMMA = YES;
				CLANG_WARN_CONSTANT_CONVERSION = YES;
				CLANG_WARN_DEPRECATED_OBJC_IMPLEMENTATIONS = YES;
				CLANG_WARN_DIRECT_OBJC_ISA_USAGE = YES_ERROR;
				CLANG_WARN_DOCUMENTATION_COMMENTS = YES;
				CLANG_WARN_EMPTY_BODY = YES;
				CLANG_WARN_ENUM_CONVERSION = YES;
				CLANG_WARN_INFINITE_RECURSION = YES;
				CLANG_WARN_INT_CONVERSION = YES;
				CLANG_WARN_NON_LITERAL_NULL_CONVERSION = YES;
				CLANG_WARN_OBJC_IMPLICIT_RETAIN_SELF = YES;
				CLANG_WARN_OBJC_LITERAL_CONVERSION = YES;
				CLANG_WARN_OBJC_ROOT_CLASS = YES_ERROR;
				CLANG_WARN_RANGE_LOOP_ANALYSIS = YES;
				CLANG_WARN_STRICT_PROTOTYPES = YES;
				CLANG_WARN_SUSPICIOUS_MOVE = YES;
				CLANG_WARN_UNGUARDED_AVAILABILITY = YES_AGGRESSIVE;
				CLANG_WARN_UNREACHABLE_CODE = YES;
				CLANG_WARN__DUPLICATE_METHOD_MATCH = YES;
				COPY_PHASE_STRIP = NO;
				DEBUG_INFORMATION_FORMAT = "dwarf-with-dsym";
				ENABLE_NS_ASSERTIONS = NO;
				ENABLE_STRICT_OBJC_MSGSEND = YES;
				GCC_C_LANGUAGE_STANDARD = gnu11;
				GCC_NO_COMMON_BLOCKS = YES;
				GCC_WARN_64_TO_32_BIT_CONVERSION = YES;
				GCC_WARN_ABOUT_RETURN_TYPE = YES_ERROR;
				GCC_WARN_UNDECLARED_SELECTOR = YES;
				GCC_WARN_UNINITIALIZED_AUTOS = YES_AGGRESSIVE;
				GCC_WARN_UNUSED_FUNCTION = YES;
				GCC_WARN_UNUSED_VARIABLE = YES;
				IPHONEOS_DEPLOYMENT_TARGET = 13.1;
				MTL_ENABLE_DEBUG_INFO = NO;
				MTL_FAST_MATH = YES;
				SDKROOT = iphoneos;
				SWIFT_COMPILATION_MODE = wholemodule;
				SWIFT_OPTIMIZATION_LEVEL = "-O";
				VALIDATE_PRODUCT = YES;
			};
			name = Release;
		};
		1C7DCC6223849F2D00568405 /* Debug */ = {
			isa = XCBuildConfiguration;
			buildSettings = {
				ASSETCATALOG_COMPILER_APPICON_NAME = AppIcon;
				CODE_SIGN_STYLE = Automatic;
				DEVELOPMENT_TEAM = VXUQXR6S56;
				INFOPLIST_FILE = Replate/Info.plist;
				LD_RUNPATH_SEARCH_PATHS = (
					"$(inherited)",
					"@executable_path/Frameworks",
				);
				PRODUCT_BUNDLE_IDENTIFIER = com.Lambda.Replate;
				PRODUCT_NAME = "$(TARGET_NAME)";
				SWIFT_VERSION = 5.0;
				TARGETED_DEVICE_FAMILY = "1,2";
			};
			name = Debug;
		};
		1C7DCC6323849F2D00568405 /* Release */ = {
			isa = XCBuildConfiguration;
			buildSettings = {
				ASSETCATALOG_COMPILER_APPICON_NAME = AppIcon;
				CODE_SIGN_STYLE = Automatic;
				DEVELOPMENT_TEAM = VXUQXR6S56;
				INFOPLIST_FILE = Replate/Info.plist;
				LD_RUNPATH_SEARCH_PATHS = (
					"$(inherited)",
					"@executable_path/Frameworks",
				);
				PRODUCT_BUNDLE_IDENTIFIER = com.Lambda.Replate;
				PRODUCT_NAME = "$(TARGET_NAME)";
				SWIFT_VERSION = 5.0;
				TARGETED_DEVICE_FAMILY = "1,2";
			};
			name = Release;
		};
/* End XCBuildConfiguration section */

/* Begin XCConfigurationList section */
		1C7DCC4823849F2C00568405 /* Build configuration list for PBXProject "Replate" */ = {
			isa = XCConfigurationList;
			buildConfigurations = (
				1C7DCC5F23849F2D00568405 /* Debug */,
				1C7DCC6023849F2D00568405 /* Release */,
			);
			defaultConfigurationIsVisible = 0;
			defaultConfigurationName = Release;
		};
		1C7DCC6123849F2D00568405 /* Build configuration list for PBXNativeTarget "Replate" */ = {
			isa = XCConfigurationList;
			buildConfigurations = (
				1C7DCC6223849F2D00568405 /* Debug */,
				1C7DCC6323849F2D00568405 /* Release */,
			);
			defaultConfigurationIsVisible = 0;
			defaultConfigurationName = Release;
		};
/* End XCConfigurationList section */
	};
	rootObject = 1C7DCC4523849F2C00568405 /* Project object */;
}
